// !$*UTF8*$!
{
	archiveVersion = 1;
	classes = {
	};
	objectVersion = 50;
	objects = {

/* Begin PBXBuildFile section */
		618C504B2471A16400639054 /* Assets.xcassets in Resources */ = {isa = PBXBuildFile; fileRef = 618C50352471A16400639054 /* Assets.xcassets */; };
		618C504C2471A16400639054 /* All_Seeing_Eye.xcdatamodeld in Sources */ = {isa = PBXBuildFile; fileRef = 618C50362471A16400639054 /* All_Seeing_Eye.xcdatamodeld */; };
		618C504D2471A16400639054 /* Preview Assets.xcassets in Resources */ = {isa = PBXBuildFile; fileRef = 618C50392471A16400639054 /* Preview Assets.xcassets */; };
		618C504E2471A16400639054 /* LaunchScreen.storyboard in Resources */ = {isa = PBXBuildFile; fileRef = 618C503A2471A16400639054 /* LaunchScreen.storyboard */; };
		618C504F2471A16400639054 /* AppDelegate.swift in Sources */ = {isa = PBXBuildFile; fileRef = 618C503D2471A16400639054 /* AppDelegate.swift */; };
		618C50502471A16400639054 /* SceneDelegate.swift in Sources */ = {isa = PBXBuildFile; fileRef = 618C503E2471A16400639054 /* SceneDelegate.swift */; };
		618C50512471A16400639054 /* CameraView.swift in Sources */ = {isa = PBXBuildFile; fileRef = 618C50402471A16400639054 /* CameraView.swift */; };
		618C50522471A16400639054 /* ContentView.swift in Sources */ = {isa = PBXBuildFile; fileRef = 618C50412471A16400639054 /* ContentView.swift */; };
		618C50542471A16400639054 /* Object_Detector.swift in Sources */ = {isa = PBXBuildFile; fileRef = 618C50442471A16400639054 /* Object_Detector.swift */; };
		618C50552471A16400639054 /* README.md in Resources */ = {isa = PBXBuildFile; fileRef = 618C50452471A16400639054 /* README.md */; };
		618C50852471A61400639054 /* All_Seeing_EyeTests.swift in Sources */ = {isa = PBXBuildFile; fileRef = 618C50832471A61400639054 /* All_Seeing_EyeTests.swift */; };
		618C50862471A61400639054 /* Info.plist in Resources */ = {isa = PBXBuildFile; fileRef = 618C50842471A61400639054 /* Info.plist */; };
		618C508A2471A66800639054 /* All_Seeing_EyeUITests.swift in Sources */ = {isa = PBXBuildFile; fileRef = 618C50882471A66800639054 /* All_Seeing_EyeUITests.swift */; };
		618C508B2471A66800639054 /* Info.plist in Resources */ = {isa = PBXBuildFile; fileRef = 618C50892471A66800639054 /* Info.plist */; };
		618C508D2471A81A00639054 /* YOLOv3.mlmodel in Sources */ = {isa = PBXBuildFile; fileRef = 618C508C2471A81A00639054 /* YOLOv3.mlmodel */; };
		61945C542471F13C0048EFCA /* ObjectTypeEnum.swift in Sources */ = {isa = PBXBuildFile; fileRef = 61945C532471F13C0048EFCA /* ObjectTypeEnum.swift */; };
/* End PBXBuildFile section */

/* Begin PBXContainerItemProxy section */
		618C506F2471A53300639054 /* PBXContainerItemProxy */ = {
			isa = PBXContainerItemProxy;
			containerPortal = 61741285243E060300A3063E /* Project object */;
			proxyType = 1;
			remoteGlobalIDString = 6174128C243E060300A3063E;
			remoteInfo = "All-Seeing Eye";
		};
		618C507D2471A53E00639054 /* PBXContainerItemProxy */ = {
			isa = PBXContainerItemProxy;
			containerPortal = 61741285243E060300A3063E /* Project object */;
			proxyType = 1;
			remoteGlobalIDString = 6174128C243E060300A3063E;
			remoteInfo = "All-Seeing Eye";
		};
/* End PBXContainerItemProxy section */

/* Begin PBXFileReference section */
		6174128D243E060300A3063E /* All-Seeing Eye.app */ = {isa = PBXFileReference; explicitFileType = wrapper.application; includeInIndex = 0; path = "All-Seeing Eye.app"; sourceTree = BUILT_PRODUCTS_DIR; };
		618C50352471A16400639054 /* Assets.xcassets */ = {isa = PBXFileReference; lastKnownFileType = folder.assetcatalog; path = Assets.xcassets; sourceTree = "<group>"; };
		618C50372471A16400639054 /* All_Seeing_Eye.xcdatamodel */ = {isa = PBXFileReference; lastKnownFileType = wrapper.xcdatamodel; path = All_Seeing_Eye.xcdatamodel; sourceTree = "<group>"; };
		618C50392471A16400639054 /* Preview Assets.xcassets */ = {isa = PBXFileReference; lastKnownFileType = folder.assetcatalog; path = "Preview Assets.xcassets"; sourceTree = "<group>"; };
		618C503B2471A16400639054 /* Base */ = {isa = PBXFileReference; lastKnownFileType = file.storyboard; name = Base; path = Base.lproj/LaunchScreen.storyboard; sourceTree = "<group>"; };
		618C503D2471A16400639054 /* AppDelegate.swift */ = {isa = PBXFileReference; fileEncoding = 4; lastKnownFileType = sourcecode.swift; path = AppDelegate.swift; sourceTree = "<group>"; };
		618C503E2471A16400639054 /* SceneDelegate.swift */ = {isa = PBXFileReference; fileEncoding = 4; lastKnownFileType = sourcecode.swift; path = SceneDelegate.swift; sourceTree = "<group>"; };
		618C50402471A16400639054 /* CameraView.swift */ = {isa = PBXFileReference; fileEncoding = 4; lastKnownFileType = sourcecode.swift; path = CameraView.swift; sourceTree = "<group>"; };
		618C50412471A16400639054 /* ContentView.swift */ = {isa = PBXFileReference; fileEncoding = 4; lastKnownFileType = sourcecode.swift; path = ContentView.swift; sourceTree = "<group>"; };
		618C50422471A16400639054 /* Info.plist */ = {isa = PBXFileReference; fileEncoding = 4; lastKnownFileType = text.plist.xml; path = Info.plist; sourceTree = "<group>"; };
		618C50442471A16400639054 /* Object_Detector.swift */ = {isa = PBXFileReference; fileEncoding = 4; lastKnownFileType = sourcecode.swift; path = Object_Detector.swift; sourceTree = "<group>"; };
		618C50452471A16400639054 /* README.md */ = {isa = PBXFileReference; fileEncoding = 4; lastKnownFileType = net.daringfireball.markdown; path = README.md; sourceTree = "<group>"; };
		618C506A2471A53300639054 /* All-Seeing EyeTests.xctest */ = {isa = PBXFileReference; explicitFileType = wrapper.cfbundle; includeInIndex = 0; path = "All-Seeing EyeTests.xctest"; sourceTree = BUILT_PRODUCTS_DIR; };
		618C50782471A53E00639054 /* All-Seeing EyeUITests.xctest */ = {isa = PBXFileReference; explicitFileType = wrapper.cfbundle; includeInIndex = 0; path = "All-Seeing EyeUITests.xctest"; sourceTree = BUILT_PRODUCTS_DIR; };
		618C50832471A61400639054 /* All_Seeing_EyeTests.swift */ = {isa = PBXFileReference; fileEncoding = 4; lastKnownFileType = sourcecode.swift; path = All_Seeing_EyeTests.swift; sourceTree = "<group>"; };
		618C50842471A61400639054 /* Info.plist */ = {isa = PBXFileReference; fileEncoding = 4; lastKnownFileType = text.plist.xml; path = Info.plist; sourceTree = "<group>"; };
		618C50882471A66800639054 /* All_Seeing_EyeUITests.swift */ = {isa = PBXFileReference; fileEncoding = 4; lastKnownFileType = sourcecode.swift; path = All_Seeing_EyeUITests.swift; sourceTree = "<group>"; };
		618C50892471A66800639054 /* Info.plist */ = {isa = PBXFileReference; fileEncoding = 4; lastKnownFileType = text.plist.xml; path = Info.plist; sourceTree = "<group>"; };
		618C508C2471A81A00639054 /* YOLOv3.mlmodel */ = {isa = PBXFileReference; lastKnownFileType = file.mlmodel; path = YOLOv3.mlmodel; sourceTree = "<group>"; };
		61945C532471F13C0048EFCA /* ObjectTypeEnum.swift */ = {isa = PBXFileReference; lastKnownFileType = sourcecode.swift; path = ObjectTypeEnum.swift; sourceTree = "<group>"; };
/* End PBXFileReference section */

/* Begin PBXFrameworksBuildPhase section */
		6174128A243E060300A3063E /* Frameworks */ = {
			isa = PBXFrameworksBuildPhase;
			buildActionMask = 2147483647;
			files = (
			);
			runOnlyForDeploymentPostprocessing = 0;
		};
		618C50672471A53300639054 /* Frameworks */ = {
			isa = PBXFrameworksBuildPhase;
			buildActionMask = 2147483647;
			files = (
			);
			runOnlyForDeploymentPostprocessing = 0;
		};
		618C50752471A53E00639054 /* Frameworks */ = {
			isa = PBXFrameworksBuildPhase;
			buildActionMask = 2147483647;
			files = (
			);
			runOnlyForDeploymentPostprocessing = 0;
		};
/* End PBXFrameworksBuildPhase section */

/* Begin PBXGroup section */
		61741284243E060300A3063E = {
			isa = PBXGroup;
			children = (
				618C50342471A16400639054 /* All-Seeing Eye */,
				618C508C2471A81A00639054 /* YOLOv3.mlmodel */,
				618C50452471A16400639054 /* README.md */,
				618C50822471A61400639054 /* All-Seeing EyeTests */,
				618C50872471A66800639054 /* All-Seeing EyeUITests */,
				6174128E243E060300A3063E /* Products */,
			);
			sourceTree = "<group>";
		};
		6174128E243E060300A3063E /* Products */ = {
			isa = PBXGroup;
			children = (
				6174128D243E060300A3063E /* All-Seeing Eye.app */,
				618C506A2471A53300639054 /* All-Seeing EyeTests.xctest */,
				618C50782471A53E00639054 /* All-Seeing EyeUITests.xctest */,
			);
			name = Products;
			sourceTree = "<group>";
		};
		618C50342471A16400639054 /* All-Seeing Eye */ = {
			isa = PBXGroup;
			children = (
				618C50432471A16400639054 /* Object-Detector */,
				618C503C2471A16400639054 /* Delegates */,
				618C503F2471A16400639054 /* Views */,
				618C50352471A16400639054 /* Assets.xcassets */,
				618C50382471A16400639054 /* Preview Content */,
				618C503A2471A16400639054 /* LaunchScreen.storyboard */,
				618C50422471A16400639054 /* Info.plist */,
				618C50362471A16400639054 /* All_Seeing_Eye.xcdatamodeld */,
			);
			path = "All-Seeing Eye";
			sourceTree = "<group>";
		};
		618C50382471A16400639054 /* Preview Content */ = {
			isa = PBXGroup;
			children = (
				618C50392471A16400639054 /* Preview Assets.xcassets */,
			);
			path = "Preview Content";
			sourceTree = "<group>";
		};
		618C503C2471A16400639054 /* Delegates */ = {
			isa = PBXGroup;
			children = (
				618C503D2471A16400639054 /* AppDelegate.swift */,
				618C503E2471A16400639054 /* SceneDelegate.swift */,
			);
			path = Delegates;
			sourceTree = "<group>";
		};
		618C503F2471A16400639054 /* Views */ = {
			isa = PBXGroup;
			children = (
				618C50402471A16400639054 /* CameraView.swift */,
				618C50412471A16400639054 /* ContentView.swift */,
			);
			path = Views;
			sourceTree = "<group>";
		};
		618C50432471A16400639054 /* Object-Detector */ = {
			isa = PBXGroup;
			children = (
				61945C522471F12A0048EFCA /* Enums */,
				618C50442471A16400639054 /* Object_Detector.swift */,
			);
			path = "Object-Detector";
			sourceTree = "<group>";
		};
		618C50822471A61400639054 /* All-Seeing EyeTests */ = {
			isa = PBXGroup;
			children = (
				618C50832471A61400639054 /* All_Seeing_EyeTests.swift */,
				618C50842471A61400639054 /* Info.plist */,
			);
			path = "All-Seeing EyeTests";
			sourceTree = "<group>";
		};
		618C50872471A66800639054 /* All-Seeing EyeUITests */ = {
			isa = PBXGroup;
			children = (
				618C50882471A66800639054 /* All_Seeing_EyeUITests.swift */,
				618C50892471A66800639054 /* Info.plist */,
			);
			path = "All-Seeing EyeUITests";
			sourceTree = "<group>";
		};
		61945C522471F12A0048EFCA /* Enums */ = {
			isa = PBXGroup;
			children = (
				61945C532471F13C0048EFCA /* ObjectTypeEnum.swift */,
			);
			path = Enums;
			sourceTree = "<group>";
		};
/* End PBXGroup section */

/* Begin PBXNativeTarget section */
		6174128C243E060300A3063E /* All-Seeing Eye */ = {
			isa = PBXNativeTarget;
			buildConfigurationList = 617412BA243E060800A3063E /* Build configuration list for PBXNativeTarget "All-Seeing Eye" */;
			buildPhases = (
				61741289243E060300A3063E /* Sources */,
				6174128A243E060300A3063E /* Frameworks */,
				6174128B243E060300A3063E /* Resources */,
			);
			buildRules = (
			);
			dependencies = (
			);
			name = "All-Seeing Eye";
			productName = "All-Seeing Eye";
			productReference = 6174128D243E060300A3063E /* All-Seeing Eye.app */;
			productType = "com.apple.product-type.application";
		};
		618C50692471A53300639054 /* All-Seeing EyeTests */ = {
			isa = PBXNativeTarget;
			buildConfigurationList = 618C50712471A53300639054 /* Build configuration list for PBXNativeTarget "All-Seeing EyeTests" */;
			buildPhases = (
				618C50662471A53300639054 /* Sources */,
				618C50672471A53300639054 /* Frameworks */,
				618C50682471A53300639054 /* Resources */,
			);
			buildRules = (
			);
			dependencies = (
				618C50702471A53300639054 /* PBXTargetDependency */,
			);
			name = "All-Seeing EyeTests";
			productName = "All-Seeing EyeTests";
			productReference = 618C506A2471A53300639054 /* All-Seeing EyeTests.xctest */;
			productType = "com.apple.product-type.bundle.unit-test";
		};
		618C50772471A53E00639054 /* All-Seeing EyeUITests */ = {
			isa = PBXNativeTarget;
			buildConfigurationList = 618C507F2471A53E00639054 /* Build configuration list for PBXNativeTarget "All-Seeing EyeUITests" */;
			buildPhases = (
				618C50742471A53E00639054 /* Sources */,
				618C50752471A53E00639054 /* Frameworks */,
				618C50762471A53E00639054 /* Resources */,
			);
			buildRules = (
			);
			dependencies = (
				618C507E2471A53E00639054 /* PBXTargetDependency */,
			);
			name = "All-Seeing EyeUITests";
			productName = "All-Seeing EyeUITests";
			productReference = 618C50782471A53E00639054 /* All-Seeing EyeUITests.xctest */;
			productType = "com.apple.product-type.bundle.ui-testing";
		};
/* End PBXNativeTarget section */

/* Begin PBXProject section */
		61741285243E060300A3063E /* Project object */ = {
			isa = PBXProject;
			attributes = {
				LastSwiftUpdateCheck = 1140;
				LastUpgradeCheck = 1140;
				ORGANIZATIONNAME = TMPS;
				TargetAttributes = {
					6174128C243E060300A3063E = {
						CreatedOnToolsVersion = 11.4;
					};
					618C50692471A53300639054 = {
						CreatedOnToolsVersion = 11.4;
						TestTargetID = 6174128C243E060300A3063E;
					};
					618C50772471A53E00639054 = {
						CreatedOnToolsVersion = 11.4;
						TestTargetID = 6174128C243E060300A3063E;
					};
				};
			};
			buildConfigurationList = 61741288243E060300A3063E /* Build configuration list for PBXProject "All-Seeing Eye" */;
			compatibilityVersion = "Xcode 9.3";
			developmentRegion = en;
			hasScannedForEncodings = 0;
			knownRegions = (
				en,
				Base,
			);
			mainGroup = 61741284243E060300A3063E;
			productRefGroup = 6174128E243E060300A3063E /* Products */;
			projectDirPath = "";
			projectRoot = "";
			targets = (
				6174128C243E060300A3063E /* All-Seeing Eye */,
				618C50692471A53300639054 /* All-Seeing EyeTests */,
				618C50772471A53E00639054 /* All-Seeing EyeUITests */,
			);
		};
/* End PBXProject section */

/* Begin PBXResourcesBuildPhase section */
		6174128B243E060300A3063E /* Resources */ = {
			isa = PBXResourcesBuildPhase;
			buildActionMask = 2147483647;
			files = (
				618C50552471A16400639054 /* README.md in Resources */,
				618C504B2471A16400639054 /* Assets.xcassets in Resources */,
				618C504E2471A16400639054 /* LaunchScreen.storyboard in Resources */,
				618C504D2471A16400639054 /* Preview Assets.xcassets in Resources */,
			);
			runOnlyForDeploymentPostprocessing = 0;
		};
		618C50682471A53300639054 /* Resources */ = {
			isa = PBXResourcesBuildPhase;
			buildActionMask = 2147483647;
			files = (
				618C50862471A61400639054 /* Info.plist in Resources */,
			);
			runOnlyForDeploymentPostprocessing = 0;
		};
		618C50762471A53E00639054 /* Resources */ = {
			isa = PBXResourcesBuildPhase;
			buildActionMask = 2147483647;
			files = (
				618C508B2471A66800639054 /* Info.plist in Resources */,
			);
			runOnlyForDeploymentPostprocessing = 0;
		};
/* End PBXResourcesBuildPhase section */

/* Begin PBXSourcesBuildPhase section */
		61741289243E060300A3063E /* Sources */ = {
			isa = PBXSourcesBuildPhase;
			buildActionMask = 2147483647;
			files = (
				618C504F2471A16400639054 /* AppDelegate.swift in Sources */,
				618C504C2471A16400639054 /* All_Seeing_Eye.xcdatamodeld in Sources */,
				618C508D2471A81A00639054 /* YOLOv3.mlmodel in Sources */,
				618C50522471A16400639054 /* ContentView.swift in Sources */,
				618C50542471A16400639054 /* Object_Detector.swift in Sources */,
				61945C542471F13C0048EFCA /* ObjectTypeEnum.swift in Sources */,
				618C50512471A16400639054 /* CameraView.swift in Sources */,
				618C50502471A16400639054 /* SceneDelegate.swift in Sources */,
			);
			runOnlyForDeploymentPostprocessing = 0;
		};
		618C50662471A53300639054 /* Sources */ = {
			isa = PBXSourcesBuildPhase;
			buildActionMask = 2147483647;
			files = (
				618C50852471A61400639054 /* All_Seeing_EyeTests.swift in Sources */,
			);
			runOnlyForDeploymentPostprocessing = 0;
		};
		618C50742471A53E00639054 /* Sources */ = {
			isa = PBXSourcesBuildPhase;
			buildActionMask = 2147483647;
			files = (
				618C508A2471A66800639054 /* All_Seeing_EyeUITests.swift in Sources */,
			);
			runOnlyForDeploymentPostprocessing = 0;
		};
/* End PBXSourcesBuildPhase section */

/* Begin PBXTargetDependency section */
		618C50702471A53300639054 /* PBXTargetDependency */ = {
			isa = PBXTargetDependency;
			target = 6174128C243E060300A3063E /* All-Seeing Eye */;
			targetProxy = 618C506F2471A53300639054 /* PBXContainerItemProxy */;
		};
		618C507E2471A53E00639054 /* PBXTargetDependency */ = {
			isa = PBXTargetDependency;
			target = 6174128C243E060300A3063E /* All-Seeing Eye */;
			targetProxy = 618C507D2471A53E00639054 /* PBXContainerItemProxy */;
		};
/* End PBXTargetDependency section */

/* Begin PBXVariantGroup section */
		618C503A2471A16400639054 /* LaunchScreen.storyboard */ = {
			isa = PBXVariantGroup;
			children = (
				618C503B2471A16400639054 /* Base */,
			);
			name = LaunchScreen.storyboard;
			sourceTree = "<group>";
		};
/* End PBXVariantGroup section */

/* Begin XCBuildConfiguration section */
		617412B8243E060800A3063E /* Debug */ = {
			isa = XCBuildConfiguration;
			buildSettings = {
				ALWAYS_SEARCH_USER_PATHS = NO;
				CLANG_ANALYZER_NONNULL = YES;
				CLANG_ANALYZER_NUMBER_OBJECT_CONVERSION = YES_AGGRESSIVE;
				CLANG_CXX_LANGUAGE_STANDARD = "gnu++14";
				CLANG_CXX_LIBRARY = "libc++";
				CLANG_ENABLE_MODULES = YES;
				CLANG_ENABLE_OBJC_ARC = YES;
				CLANG_ENABLE_OBJC_WEAK = YES;
				CLANG_WARN_BLOCK_CAPTURE_AUTORELEASING = YES;
				CLANG_WARN_BOOL_CONVERSION = YES;
				CLANG_WARN_COMMA = YES;
				CLANG_WARN_CONSTANT_CONVERSION = YES;
				CLANG_WARN_DEPRECATED_OBJC_IMPLEMENTATIONS = YES;
				CLANG_WARN_DIRECT_OBJC_ISA_USAGE = YES_ERROR;
				CLANG_WARN_DOCUMENTATION_COMMENTS = YES;
				CLANG_WARN_EMPTY_BODY = YES;
				CLANG_WARN_ENUM_CONVERSION = YES;
				CLANG_WARN_INFINITE_RECURSION = YES;
				CLANG_WARN_INT_CONVERSION = YES;
				CLANG_WARN_NON_LITERAL_NULL_CONVERSION = YES;
				CLANG_WARN_OBJC_IMPLICIT_RETAIN_SELF = YES;
				CLANG_WARN_OBJC_LITERAL_CONVERSION = YES;
				CLANG_WARN_OBJC_ROOT_CLASS = YES_ERROR;
				CLANG_WARN_RANGE_LOOP_ANALYSIS = YES;
				CLANG_WARN_STRICT_PROTOTYPES = YES;
				CLANG_WARN_SUSPICIOUS_MOVE = YES;
				CLANG_WARN_UNGUARDED_AVAILABILITY = YES_AGGRESSIVE;
				CLANG_WARN_UNREACHABLE_CODE = YES;
				CLANG_WARN__DUPLICATE_METHOD_MATCH = YES;
				COPY_PHASE_STRIP = NO;
				DEBUG_INFORMATION_FORMAT = dwarf;
				ENABLE_STRICT_OBJC_MSGSEND = YES;
				ENABLE_TESTABILITY = YES;
				GCC_C_LANGUAGE_STANDARD = gnu11;
				GCC_DYNAMIC_NO_PIC = NO;
				GCC_NO_COMMON_BLOCKS = YES;
				GCC_OPTIMIZATION_LEVEL = 0;
				GCC_PREPROCESSOR_DEFINITIONS = (
					"DEBUG=1",
					"$(inherited)",
				);
				GCC_WARN_64_TO_32_BIT_CONVERSION = YES;
				GCC_WARN_ABOUT_RETURN_TYPE = YES_ERROR;
				GCC_WARN_UNDECLARED_SELECTOR = YES;
				GCC_WARN_UNINITIALIZED_AUTOS = YES_AGGRESSIVE;
				GCC_WARN_UNUSED_FUNCTION = YES;
				GCC_WARN_UNUSED_VARIABLE = YES;
				IPHONEOS_DEPLOYMENT_TARGET = 13.4;
				MTL_ENABLE_DEBUG_INFO = INCLUDE_SOURCE;
				MTL_FAST_MATH = YES;
				ONLY_ACTIVE_ARCH = YES;
				SDKROOT = iphoneos;
				SWIFT_ACTIVE_COMPILATION_CONDITIONS = DEBUG;
				SWIFT_OPTIMIZATION_LEVEL = "-Onone";
			};
			name = Debug;
		};
		617412B9243E060800A3063E /* Release */ = {
			isa = XCBuildConfiguration;
			buildSettings = {
				ALWAYS_SEARCH_USER_PATHS = NO;
				CLANG_ANALYZER_NONNULL = YES;
				CLANG_ANALYZER_NUMBER_OBJECT_CONVERSION = YES_AGGRESSIVE;
				CLANG_CXX_LANGUAGE_STANDARD = "gnu++14";
				CLANG_CXX_LIBRARY = "libc++";
				CLANG_ENABLE_MODULES = YES;
				CLANG_ENABLE_OBJC_ARC = YES;
				CLANG_ENABLE_OBJC_WEAK = YES;
				CLANG_WARN_BLOCK_CAPTURE_AUTORELEASING = YES;
				CLANG_WARN_BOOL_CONVERSION = YES;
				CLANG_WARN_COMMA = YES;
				CLANG_WARN_CONSTANT_CONVERSION = YES;
				CLANG_WARN_DEPRECATED_OBJC_IMPLEMENTATIONS = YES;
				CLANG_WARN_DIRECT_OBJC_ISA_USAGE = YES_ERROR;
				CLANG_WARN_DOCUMENTATION_COMMENTS = YES;
				CLANG_WARN_EMPTY_BODY = YES;
				CLANG_WARN_ENUM_CONVERSION = YES;
				CLANG_WARN_INFINITE_RECURSION = YES;
				CLANG_WARN_INT_CONVERSION = YES;
				CLANG_WARN_NON_LITERAL_NULL_CONVERSION = YES;
				CLANG_WARN_OBJC_IMPLICIT_RETAIN_SELF = YES;
				CLANG_WARN_OBJC_LITERAL_CONVERSION = YES;
				CLANG_WARN_OBJC_ROOT_CLASS = YES_ERROR;
				CLANG_WARN_RANGE_LOOP_ANALYSIS = YES;
				CLANG_WARN_STRICT_PROTOTYPES = YES;
				CLANG_WARN_SUSPICIOUS_MOVE = YES;
				CLANG_WARN_UNGUARDED_AVAILABILITY = YES_AGGRESSIVE;
				CLANG_WARN_UNREACHABLE_CODE = YES;
				CLANG_WARN__DUPLICATE_METHOD_MATCH = YES;
				COPY_PHASE_STRIP = NO;
				DEBUG_INFORMATION_FORMAT = "dwarf-with-dsym";
				ENABLE_NS_ASSERTIONS = NO;
				ENABLE_STRICT_OBJC_MSGSEND = YES;
				GCC_C_LANGUAGE_STANDARD = gnu11;
				GCC_NO_COMMON_BLOCKS = YES;
				GCC_WARN_64_TO_32_BIT_CONVERSION = YES;
				GCC_WARN_ABOUT_RETURN_TYPE = YES_ERROR;
				GCC_WARN_UNDECLARED_SELECTOR = YES;
				GCC_WARN_UNINITIALIZED_AUTOS = YES_AGGRESSIVE;
				GCC_WARN_UNUSED_FUNCTION = YES;
				GCC_WARN_UNUSED_VARIABLE = YES;
				IPHONEOS_DEPLOYMENT_TARGET = 13.4;
				MTL_ENABLE_DEBUG_INFO = NO;
				MTL_FAST_MATH = YES;
				SDKROOT = iphoneos;
				SWIFT_COMPILATION_MODE = wholemodule;
				SWIFT_OPTIMIZATION_LEVEL = "-O";
				VALIDATE_PRODUCT = YES;
			};
			name = Release;
		};
		617412BB243E060800A3063E /* Debug */ = {
			isa = XCBuildConfiguration;
			buildSettings = {
				ASSETCATALOG_COMPILER_APPICON_NAME = AppIcon;
				CODE_SIGN_STYLE = Automatic;
				DEVELOPMENT_ASSET_PATHS = "\"All-Seeing Eye/Preview Content\"";
				DEVELOPMENT_TEAM = 5ZFBRS23ZM;
				ENABLE_PREVIEWS = YES;
				INFOPLIST_FILE = "All-Seeing Eye/Info.plist";
				LD_RUNPATH_SEARCH_PATHS = (
					"$(inherited)",
					"@executable_path/Frameworks",
				);
				PRODUCT_BUNDLE_IDENTIFIER = "SwiftUI.All-Seeing-Eye";
				PRODUCT_NAME = "$(TARGET_NAME)";
				SWIFT_VERSION = 5.0;
				TARGETED_DEVICE_FAMILY = "1,2";
			};
			name = Debug;
		};
		617412BC243E060800A3063E /* Release */ = {
			isa = XCBuildConfiguration;
			buildSettings = {
				ASSETCATALOG_COMPILER_APPICON_NAME = AppIcon;
				CODE_SIGN_STYLE = Automatic;
				DEVELOPMENT_ASSET_PATHS = "\"All-Seeing Eye/Preview Content\"";
				DEVELOPMENT_TEAM = 5ZFBRS23ZM;
				ENABLE_PREVIEWS = YES;
				INFOPLIST_FILE = "All-Seeing Eye/Info.plist";
				LD_RUNPATH_SEARCH_PATHS = (
					"$(inherited)",
					"@executable_path/Frameworks",
				);
				PRODUCT_BUNDLE_IDENTIFIER = "SwiftUI.All-Seeing-Eye";
				PRODUCT_NAME = "$(TARGET_NAME)";
				SWIFT_VERSION = 5.0;
				TARGETED_DEVICE_FAMILY = "1,2";
			};
			name = Release;
		};
		618C50722471A53300639054 /* Debug */ = {
			isa = XCBuildConfiguration;
			buildSettings = {
				BUNDLE_LOADER = "$(TEST_HOST)";
				CODE_SIGN_STYLE = Automatic;
				DEVELOPMENT_TEAM = 5ZFBRS23ZM;
				INFOPLIST_FILE = "All-Seeing EyeTests/Info.plist";
				LD_RUNPATH_SEARCH_PATHS = (
					"$(inherited)",
					"@executable_path/Frameworks",
					"@loader_path/Frameworks",
				);
				PRODUCT_BUNDLE_IDENTIFIER = "MOV.All-Seeing-EyeTests";
				PRODUCT_NAME = "$(TARGET_NAME)";
				SWIFT_VERSION = 5.0;
				TARGETED_DEVICE_FAMILY = "1,2";
				TEST_HOST = "$(BUILT_PRODUCTS_DIR)/All-Seeing Eye.app/All-Seeing Eye";
			};
			name = Debug;
		};
		618C50732471A53300639054 /* Release */ = {
			isa = XCBuildConfiguration;
			buildSettings = {
				BUNDLE_LOADER = "$(TEST_HOST)";
				CODE_SIGN_STYLE = Automatic;
				DEVELOPMENT_TEAM = 5ZFBRS23ZM;
				INFOPLIST_FILE = "All-Seeing EyeTests/Info.plist";
				LD_RUNPATH_SEARCH_PATHS = (
					"$(inherited)",
					"@executable_path/Frameworks",
					"@loader_path/Frameworks",
				);
				PRODUCT_BUNDLE_IDENTIFIER = "MOV.All-Seeing-EyeTests";
				PRODUCT_NAME = "$(TARGET_NAME)";
				SWIFT_VERSION = 5.0;
				TARGETED_DEVICE_FAMILY = "1,2";
				TEST_HOST = "$(BUILT_PRODUCTS_DIR)/All-Seeing Eye.app/All-Seeing Eye";
			};
			name = Release;
		};
		618C50802471A53E00639054 /* Debug */ = {
			isa = XCBuildConfiguration;
			buildSettings = {
				CODE_SIGN_STYLE = Automatic;
				DEVELOPMENT_TEAM = 5ZFBRS23ZM;
				INFOPLIST_FILE = "All-Seeing EyeUITests/Info.plist";
				LD_RUNPATH_SEARCH_PATHS = (
					"$(inherited)",
					"@executable_path/Frameworks",
					"@loader_path/Frameworks",
				);
				PRODUCT_BUNDLE_IDENTIFIER = "MOV.All-Seeing-EyeUITests";
				PRODUCT_NAME = "$(TARGET_NAME)";
				SWIFT_VERSION = 5.0;
				TARGETED_DEVICE_FAMILY = "1,2";
				TEST_TARGET_NAME = "All-Seeing Eye";
			};
			name = Debug;
		};
		618C50812471A53E00639054 /* Release */ = {
			isa = XCBuildConfiguration;
			buildSettings = {
				CODE_SIGN_STYLE = Automatic;
				DEVELOPMENT_TEAM = 5ZFBRS23ZM;
				INFOPLIST_FILE = "All-Seeing EyeUITests/Info.plist";
				LD_RUNPATH_SEARCH_PATHS = (
					"$(inherited)",
					"@executable_path/Frameworks",
					"@loader_path/Frameworks",
				);
				PRODUCT_BUNDLE_IDENTIFIER = "MOV.All-Seeing-EyeUITests";
				PRODUCT_NAME = "$(TARGET_NAME)";
				SWIFT_VERSION = 5.0;
				TARGETED_DEVICE_FAMILY = "1,2";
				TEST_TARGET_NAME = "All-Seeing Eye";
			};
			name = Release;
		};
/* End XCBuildConfiguration section */

/* Begin XCConfigurationList section */
		61741288243E060300A3063E /* Build configuration list for PBXProject "All-Seeing Eye" */ = {
			isa = XCConfigurationList;
			buildConfigurations = (
				617412B8243E060800A3063E /* Debug */,
				617412B9243E060800A3063E /* Release */,
			);
			defaultConfigurationIsVisible = 0;
			defaultConfigurationName = Release;
		};
		617412BA243E060800A3063E /* Build configuration list for PBXNativeTarget "All-Seeing Eye" */ = {
			isa = XCConfigurationList;
			buildConfigurations = (
				617412BB243E060800A3063E /* Debug */,
				617412BC243E060800A3063E /* Release */,
			);
			defaultConfigurationIsVisible = 0;
			defaultConfigurationName = Release;
		};
		618C50712471A53300639054 /* Build configuration list for PBXNativeTarget "All-Seeing EyeTests" */ = {
			isa = XCConfigurationList;
			buildConfigurations = (
				618C50722471A53300639054 /* Debug */,
				618C50732471A53300639054 /* Release */,
			);
			defaultConfigurationIsVisible = 0;
			defaultConfigurationName = Release;
		};
		618C507F2471A53E00639054 /* Build configuration list for PBXNativeTarget "All-Seeing EyeUITests" */ = {
			isa = XCConfigurationList;
			buildConfigurations = (
				618C50802471A53E00639054 /* Debug */,
				618C50812471A53E00639054 /* Release */,
			);
			defaultConfigurationIsVisible = 0;
			defaultConfigurationName = Release;
		};
/* End XCConfigurationList section */

/* Begin XCVersionGroup section */
		618C50362471A16400639054 /* All_Seeing_Eye.xcdatamodeld */ = {
			isa = XCVersionGroup;
			children = (
				618C50372471A16400639054 /* All_Seeing_Eye.xcdatamodel */,
			);
			currentVersion = 618C50372471A16400639054 /* All_Seeing_Eye.xcdatamodel */;
			path = All_Seeing_Eye.xcdatamodeld;
			sourceTree = "<group>";
			versionGroupType = wrapper.xcdatamodel;
		};
/* End XCVersionGroup section */
	};
	rootObject = 61741285243E060300A3063E /* Project object */;
}
